<?xml version="1.0" encoding="utf-8"?>
<Project ToolsVersion="4.0" xmlns="http://schemas.microsoft.com/developer/msbuild/2003">
  <ItemGroup>
    <Filter Include="Resource Files">
      <UniqueIdentifier>{67DA6AB6-F800-4c08-8B7A-83BB121AAD01}</UniqueIdentifier>
      <Extensions>rc;ico;cur;bmp;dlg;rc2;rct;bin;rgs;gif;jpg;jpeg;jpe;resx;tiff;tif;png;wav;mfcribbon-ms</Extensions>
    </Filter>
    <Filter Include="Engine Files">
      <UniqueIdentifier>{93995380-89BD-4b04-88EB-625FBE52EBFB}</UniqueIdentifier>
      <Extensions>h;hpp;hxx;hm;inl;inc;xsd</Extensions>
    </Filter>
    <Filter Include="Game Files">
      <UniqueIdentifier>{4FC737F1-C7A5-4376-A066-2A32D752A2FF}</UniqueIdentifier>
      <Extensions>cpp;c;cc;cxx;def;odl;idl;hpj;bat;asm;asmx</Extensions>
    </Filter>
    <Filter Include="Game Files\Enemys">
      <UniqueIdentifier>{025608cd-aea9-4286-959d-0c9c0d4854c4}</UniqueIdentifier>
    </Filter>
    <Filter Include="Game Files\Vriendjes">
      <UniqueIdentifier>{fd3d66d9-7ab7-4ebd-930a-94f0c9f3f6a6}</UniqueIdentifier>
    </Filter>
  </ItemGroup>
  <ItemGroup>
    <ClInclude Include="Code\BosSniper.h">
      <Filter>Game Files\Enemys</Filter>
    </ClInclude>
    <ClInclude Include="Code\Box.h">
      <Filter>Game Files\Enemys</Filter>
    </ClInclude>
    <ClInclude Include="Code\Bridge.h">
      <Filter>Game Files\Vriendjes</Filter>
    </ClInclude>
    <ClInclude Include="Code\Bullet.h">
      <Filter>Game Files\Vriendjes</Filter>
    </ClInclude>
    <ClInclude Include="Code\Contra.h">
      <Filter>Game Files</Filter>
    </ClInclude>
    <ClInclude Include="Code\AbstractGame.h">
      <Filter>Engine Files</Filter>
    </ClInclude>
    <ClInclude Include="Code\EndBoss.h">
      <Filter>Game Files\Enemys</Filter>
    </ClInclude>
    <ClInclude Include="Code\EnemySniper.h">
      <Filter>Game Files\Enemys</Filter>
    </ClInclude>
    <ClInclude Include="Code\EnemyWalking.h">
      <Filter>Game Files\Enemys</Filter>
    </ClInclude>
    <ClInclude Include="Code\EvilTurret.h">
      <Filter>Game Files\Enemys</Filter>
    </ClInclude>
    <ClInclude Include="Code\Explosion.h">
      <Filter>Game Files\Vriendjes</Filter>
    </ClInclude>
    <ClInclude Include="Code\FlyingPuwerUp.h">
      <Filter>Game Files\Vriendjes</Filter>
    </ClInclude>
    <ClInclude Include="Code\GameEngine.h">
      <Filter>Engine Files</Filter>
    </ClInclude>
    <ClInclude Include="Code\GameWinMain.h">
      <Filter>Engine Files</Filter>
    </ClInclude>
    <ClInclude Include="Code\ObjectBaseList.h">
      <Filter>Game Files</Filter>
    </ClInclude>
    <ClInclude Include="Code\Player.h">
      <Filter>Game Files\Vriendjes</Filter>
    </ClInclude>
    <ClInclude Include="Code\PowerUp.h">
      <Filter>Game Files\Vriendjes</Filter>
    </ClInclude>
    <ClInclude Include="Code\PowerUpBox.h">
      <Filter>Game Files\Vriendjes</Filter>
    </ClInclude>
    <ClInclude Include="resource.h">
      <Filter>Resource Files</Filter>
    </ClInclude>
  </ItemGroup>
  <ItemGroup>
    <ClCompile Include="Code\BosSniper.cpp">
      <Filter>Game Files\Enemys</Filter>
    </ClCompile>
    <ClCompile Include="Code\Box.cpp">
      <Filter>Game Files\Enemys</Filter>
    </ClCompile>
    <ClCompile Include="Code\Bridge.cpp">
      <Filter>Game Files\Vriendjes</Filter>
    </ClCompile>
    <ClCompile Include="Code\Bullet.cpp">
      <Filter>Game Files\Vriendjes</Filter>
    </ClCompile>
    <ClCompile Include="Code\Contra.cpp">
      <Filter>Game Files</Filter>
    </ClCompile>
    <ClCompile Include="Code\AbstractGame.cpp">
      <Filter>Engine Files</Filter>
    </ClCompile>
    <ClCompile Include="Code\EndBoss.cpp">
      <Filter>Game Files\Enemys</Filter>
    </ClCompile>
    <ClCompile Include="Code\EnemySniper.cpp">
      <Filter>Game Files\Enemys</Filter>
    </ClCompile>
    <ClCompile Include="Code\EnemyWalking.cpp">
      <Filter>Game Files\Enemys</Filter>
    </ClCompile>
    <ClCompile Include="Code\EvilTurret.cpp">
      <Filter>Game Files\Enemys</Filter>
    </ClCompile>
    <ClCompile Include="Code\Explosion.cpp">
      <Filter>Game Files\Vriendjes</Filter>
    </ClCompile>
    <ClCompile Include="Code\FlyingPuwerUp.cpp">
      <Filter>Game Files\Vriendjes</Filter>
    </ClCompile>
    <ClCompile Include="Code\GameEngine.cpp">
      <Filter>Engine Files</Filter>
    </ClCompile>
    <ClCompile Include="Code\GameWinMain.cpp">
      <Filter>Engine Files</Filter>
    </ClCompile>
    <ClCompile Include="Code\ObjectBaseList.cpp">
      <Filter>Game Files</Filter>
    </ClCompile>
    <ClCompile Include="Code\Player.cpp">
      <Filter>Game Files\Vriendjes</Filter>
    </ClCompile>
    <ClCompile Include="Code\PowerUp.cpp">
      <Filter>Game Files\Vriendjes</Filter>
    </ClCompile>
    <ClCompile Include="Code\PowerUpBox.cpp">
      <Filter>Game Files\Vriendjes</Filter>
    </ClCompile>
  </ItemGroup>
  <ItemGroup>
    <None Include="small.ico">
      <Filter>Resource Files</Filter>
    </None>
    <None Include="big.ico">
      <Filter>Resource Files</Filter>
    </None>
  </ItemGroup>
  <ItemGroup>
    <ResourceCompile Include="Contra.rc">
      <Filter>Resource Files</Filter>
    </ResourceCompile>
  </ItemGroup>
</Project>